<?xml version="1.0" encoding="UTF-8" standalone="yes" ?>
<CodeBlocks_project_file>
	<FileVersion major="1" minor="6" />
	<Project>
		<Option title="OptiX" />
		<Option pch_mode="2" />
		<Option compiler="gcc" />
		<Build>
			<Script file="lib_finder.script" />
			<Target title="Debug">
				<Option output="bin/Debug/OptiX" prefix_auto="1" extension_auto="1" />
				<Option object_output="obj/Debug/" />
				<Option type="1" />
				<Option compiler="gcc" />
				<Compiler>
					<Add option="-g" />
					<Add directory="include" />
				</Compiler>
			</Target>
			<Target title="Release">
				<Option output="bin/Release/OptiX" prefix_auto="1" extension_auto="1" />
				<Option object_output="obj/Release/" />
				<Option type="1" />
				<Option compiler="gcc" />
				<Compiler>
					<Add option="-O2" />
					<Add directory="include" />
				</Compiler>
				<Linker>
					<Add option="-s" />
				</Linker>
			</Target>
		</Build>
		<Compiler>
			<Add option="-Wall" />
			<Add directory="/opt/optix/include" />
			<Add directory="/opt/cuda/include" />
		</Compiler>
		<Linker>
			<Add option="-lglut" />
			<Add library="/opt/optix/lib64/liboptixu.so" />
			<Add library="/opt/optix/lib64/liboptix.so" />
			<Add library="/opt/optix/lib64/libcudart.so" />
		</Linker>
		<Unit filename="context.h" />
		<Unit filename="geometry.h" />
		<Unit filename="include/OptixRenderer.h" />
		<Unit filename="main.cpp" />
		<Unit filename="material.h" />
		<Unit filename="rt.cu">
			<Option compile="1" />
			<Option compiler="gcc" use="1" buildCommand="nvcc -O3 --use_fast_math -ptx -I/opt/optix/include rt.cu -o rt.ptx" />
		</Unit>
		<Unit filename="src/OptixRenderer.cpp" />
		<Extensions>
			<code_completion />
			<envvars />
			<debugger />
			<lib_finder disable_auto="1">
				<lib name="glu" />
				<lib name="glew" />
				<lib name="gl" />
				<lib name="assimp" />
				<lib name="IL" />
				<lib name="ILU" />
			</lib_finder>
		</Extensions>
	</Project>
</CodeBlocks_project_file>
